{
    "requires": true,
    "lockfileVersion": 1,
    "dependencies": {
        "fullcalendar": {
            "version": "3.9.0",
            "resolved": "https://registry.npmjs.org/fullcalendar/-/fullcalendar-3.9.0.tgz",
            "integrity": "sha512-bbALDK8+SBqluv8SKPDeVNtaSr87NYblte/pRgV5NnDJWCEARpRlQ1qQ/XEakcAXbMZov6rWYIvLOrtKwQo2Bg==",
            "requires": {
                "jquery": "^3.2",
                "moment": "^2.20.1"
            }
        },
        "fullcalendar-scheduler": {
            "version": "1.9.4",
            "resolved": "https://registry.npmjs.org/fullcalendar-scheduler/-/fullcalendar-scheduler-1.9.4.tgz",
            "integrity": "sha512-QJ5p/qRnK+vuiNRTbsxKCytiCu2adUn1dSlRSlPSivR/FOUL4J5XQA/4o/h6YCpIMWnmLTXPOuyqBTbsG3ydyg==",
            "requires": {
                "fullcalendar": "^3.9.0",
                "jquery": "^3.2",
                "moment": "^2.20.1"
            }
        },
        "jquery": {
            "version": "3.3.1",
            "resolved": "https://registry.npmjs.org/jquery/-/jquery-3.3.1.tgz",
            "integrity": "sha512-Ubldcmxp5np52/ENotGxlLe6aGMvmF4R8S6tZjsP6Knsaxd/xp3Zrh50cG93lR6nPXyUFwzN3ZSOQI0wRJNdGg=="
        },
        "moment": {
            "version": "2.22.1",
            "resolved": "https://registry.npmjs.org/moment/-/moment-2.22.1.tgz",
            "integrity": "sha512-shJkRTSebXvsVqk56I+lkb2latjBs8I+pc2TzWc545y2iFnSjm7Wg0QMh+ZWcdSLQyGEau5jI8ocnmkyTgr9YQ=="
        }
    }
}
